// !$*UTF8*$!
{
	archiveVersion = 1;
	classes = {
	};
	objectVersion = 46;
	objects = {

/* Begin PBXBuildFile section */
		D14EE7341EA966B4005E0741 /* AppDelegate.swift in Sources */ = {isa = PBXBuildFile; fileRef = D14EE7331EA966B4005E0741 /* AppDelegate.swift */; };
		D14EE7361EA966B4005E0741 /* ViewController.swift in Sources */ = {isa = PBXBuildFile; fileRef = D14EE7351EA966B4005E0741 /* ViewController.swift */; };
		D14EE7391EA966B4005E0741 /* Main.storyboard in Resources */ = {isa = PBXBuildFile; fileRef = D14EE7371EA966B4005E0741 /* Main.storyboard */; };
		D14EE73B1EA966B4005E0741 /* Assets.xcassets in Resources */ = {isa = PBXBuildFile; fileRef = D14EE73A1EA966B4005E0741 /* Assets.xcassets */; };
		D14EE73E1EA966B4005E0741 /* LaunchScreen.storyboard in Resources */ = {isa = PBXBuildFile; fileRef = D14EE73C1EA966B4005E0741 /* LaunchScreen.storyboard */; };
/* End PBXBuildFile section */

/* Begin PBXFileReference section */
		D14EE7301EA966B4005E0741 /* EjercicioCodificacion.app */ = {isa = PBXFileReference; explicitFileType = wrapper.application; includeInIndex = 0; path = EjercicioCodificacion.app; sourceTree = BUILT_PRODUCTS_DIR; };
		D14EE7331EA966B4005E0741 /* AppDelegate.swift */ = {isa = PBXFileReference; lastKnownFileType = sourcecode.swift; path = AppDelegate.swift; sourceTree = "<group>"; };
		D14EE7351EA966B4005E0741 /* ViewController.swift */ = {isa = PBXFileReference; lastKnownFileType = sourcecode.swift; path = ViewController.swift; sourceTree = "<group>"; };
		D14EE7381EA966B4005E0741 /* Base */ = {isa = PBXFileReference; lastKnownFileType = file.storyboard; name = Base; path = Base.lproj/Main.storyboard; sourceTree = "<group>"; };
		D14EE73A1EA966B4005E0741 /* Assets.xcassets */ = {isa = PBXFileReference; lastKnownFileType = folder.assetcatalog; path = Assets.xcassets; sourceTree = "<group>"; };
		D14EE73D1EA966B4005E0741 /* Base */ = {isa = PBXFileReference; lastKnownFileType = file.storyboard; name = Base; path = Base.lproj/LaunchScreen.storyboard; sourceTree = "<group>"; };
		D14EE73F1EA966B4005E0741 /* Info.plist */ = {isa = PBXFileReference; lastKnownFileType = text.plist.xml; path = Info.plist; sourceTree = "<group>"; };
/* End PBXFileReference section */

/* Begin PBXFrameworksBuildPhase section */
		D14EE72D1EA966B4005E0741 /* Frameworks */ = {
			isa = PBXFrameworksBuildPhase;
			buildActionMask = 2147483647;
			files = (
			);
			runOnlyForDeploymentPostprocessing = 0;
		};
/* End PBXFrameworksBuildPhase section */

/* Begin PBXGroup section */
		D14EE7271EA966B4005E0741 = {
			isa = PBXGroup;
			children = (
				D14EE7321EA966B4005E0741 /* EjercicioCodificacion */,
				D14EE7311EA966B4005E0741 /* Products */,
			);
			sourceTree = "<group>";
		};
		D14EE7311EA966B4005E0741 /* Products */ = {
			isa = PBXGroup;
			children = (
				D14EE7301EA966B4005E0741 /* EjercicioCodificacion.app */,
			);
			name = Products;
			sourceTree = "<group>";
		};
		D14EE7321EA966B4005E0741 /* EjercicioCodificacion */ = {
			isa = PBXGroup;
			children = (
				D14EE7331EA966B4005E0741 /* AppDelegate.swift */,
				D14EE7351EA966B4005E0741 /* ViewController.swift */,
				D14EE7371EA966B4005E0741 /* Main.storyboard */,
				D14EE73A1EA966B4005E0741 /* Assets.xcassets */,
				D14EE73C1EA966B4005E0741 /* LaunchScreen.storyboard */,
				D14EE73F1EA966B4005E0741 /* Info.plist */,
			);
			path = EjercicioCodificacion;
			sourceTree = "<group>";
		};
/* End PBXGroup section */

/* Begin PBXNativeTarget section */
		D14EE72F1EA966B4005E0741 /* EjercicioCodificacion */ = {
			isa = PBXNativeTarget;
			buildConfigurationList = D14EE7421EA966B4005E0741 /* Build configuration list for PBXNativeTarget "EjercicioCodificacion" */;
			buildPhases = (
				D14EE72C1EA966B4005E0741 /* Sources */,
				D14EE72D1EA966B4005E0741 /* Frameworks */,
				D14EE72E1EA966B4005E0741 /* Resources */,
			);
			buildRules = (
			);
			dependencies = (
			);
			name = EjercicioCodificacion;
			productName = EjercicioCodificacion;
			productReference = D14EE7301EA966B4005E0741 /* EjercicioCodificacion.app */;
			productType = "com.apple.product-type.application";
		};
/* End PBXNativeTarget section */

/* Begin PBXProject section */
		D14EE7281EA966B4005E0741 /* Project object */ = {
			isa = PBXProject;
			attributes = {
				LastSwiftUpdateCheck = 0830;
				LastUpgradeCheck = 0830;
				ORGANIZATIONNAME = NextU;
				TargetAttributes = {
					D14EE72F1EA966B4005E0741 = {
						CreatedOnToolsVersion = 8.3.1;
						ProvisioningStyle = Automatic;
					};
				};
			};
			buildConfigurationList = D14EE72B1EA966B4005E0741 /* Build configuration list for PBXProject "EjercicioCodificacion" */;
			compatibilityVersion = "Xcode 3.2";
			developmentRegion = English;
			hasScannedForEncodings = 0;
			knownRegions = (
				en,
				Base,
			);
			mainGroup = D14EE7271EA966B4005E0741;
			productRefGroup = D14EE7311EA966B4005E0741 /* Products */;
			projectDirPath = "";
			projectRoot = "";
			targets = (
				D14EE72F1EA966B4005E0741 /* EjercicioCodificacion */,
			);
		};
/* End PBXProject section */

/* Begin PBXResourcesBuildPhase section */
		D14EE72E1EA966B4005E0741 /* Resources */ = {
			isa = PBXResourcesBuildPhase;
			buildActionMask = 2147483647;
			files = (
				D14EE73E1EA966B4005E0741 /* LaunchScreen.storyboard in Resources */,
				D14EE73B1EA966B4005E0741 /* Assets.xcassets in Resources */,
				D14EE7391EA966B4005E0741 /* Main.storyboard in Resources */,
			);
			runOnlyForDeploymentPostprocessing = 0;
		};
/* End PBXResourcesBuildPhase section */

/* Begin PBXSourcesBuildPhase section */
		D14EE72C1EA966B4005E0741 /* Sources */ = {
			isa = PBXSourcesBuildPhase;
			buildActionMask = 2147483647;
			files = (
				D14EE7361EA966B4005E0741 /* ViewController.swift in Sources */,
				D14EE7341EA966B4005E0741 /* AppDelegate.swift in Sources */,
			);
			runOnlyForDeploymentPostprocessing = 0;
		};
/* End PBXSourcesBuildPhase section */

/* Begin PBXVariantGroup section */
		D14EE7371EA966B4005E0741 /* Main.storyboard */ = {
			isa = PBXVariantGroup;
			children = (
				D14EE7381EA966B4005E0741 /* Base */,
			);
			name = Main.storyboard;
			sourceTree = "<group>";
		};
		D14EE73C1EA966B4005E0741 /* LaunchScreen.storyboard */ = {
			isa = PBXVariantGroup;
			children = (
				D14EE73D1EA966B4005E0741 /* Base */,
			);
			name = LaunchScreen.storyboard;
			sourceTree = "<group>";
		};
/* End PBXVariantGroup section */

/* Begin XCBuildConfiguration section */
		D14EE7401EA966B4005E0741 /* Debug */ = {
			isa = XCBuildConfiguration;
			buildSettings = {
				ALWAYS_SEARCH_USER_PATHS = NO;
				CLANG_ANALYZER_NONNULL = YES;
				CLANG_ANALYZER_NUMBER_OBJECT_CONVERSION = YES_AGGRESSIVE;
				CLANG_CXX_LANGUAGE_STANDARD = "gnu++0x";
				CLANG_CXX_LIBRARY = "libc++";
				CLANG_ENABLE_MODULES = YES;
				CLANG_ENABLE_OBJC_ARC = YES;
				CLANG_WARN_BOOL_CONVERSION = YES;
				CLANG_WARN_CONSTANT_CONVERSION = YES;
				CLANG_WARN_DIRECT_OBJC_ISA_USAGE = YES_ERROR;
				CLANG_WARN_DOCUMENTATION_COMMENTS = YES;
				CLANG_WARN_EMPTY_BODY = YES;
				CLANG_WARN_ENUM_CONVERSION = YES;
				CLANG_WARN_INFINITE_RECURSION = YES;
				CLANG_WARN_INT_CONVERSION = YES;
				CLANG_WARN_OBJC_ROOT_CLASS = YES_ERROR;
				CLANG_WARN_SUSPICIOUS_MOVE = YES;
				CLANG_WARN_UNREACHABLE_CODE = YES;
				CLANG_WARN__DUPLICATE_METHOD_MATCH = YES;
				"CODE_SIGN_IDENTITY[sdk=iphoneos*]" = "iPhone Developer";
				COPY_PHASE_STRIP = NO;
				DEBUG_INFORMATION_FORMAT = dwarf;
				ENABLE_STRICT_OBJC_MSGSEND = YES;
				ENABLE_TESTABILITY = YES;
				GCC_C_LANGUAGE_STANDARD = gnu99;
				GCC_DYNAMIC_NO_PIC = NO;
				GCC_NO_COMMON_BLOCKS = YES;
				GCC_OPTIMIZATION_LEVEL = 0;
				GCC_PREPROCESSOR_DEFINITIONS = (
					"DEBUG=1",
					"$(inherited)",
				);
				GCC_WARN_64_TO_32_BIT_CONVERSION = YES;
				GCC_WARN_ABOUT_RETURN_TYPE = YES_ERROR;
				GCC_WARN_UNDECLARED_SELECTOR = YES;
				GCC_WARN_UNINITIALIZED_AUTOS = YES_AGGRESSIVE;
				GCC_WARN_UNUSED_FUNCTION = YES;
				GCC_WARN_UNUSED_VARIABLE = YES;
				IPHONEOS_DEPLOYMENT_TARGET = 10.3;
				MTL_ENABLE_DEBUG_INFO = YES;
				ONLY_ACTIVE_ARCH = YES;
				SDKROOT = iphoneos;
				SWIFT_ACTIVE_COMPILATION_CONDITIONS = DEBUG;
				SWIFT_OPTIMIZATION_LEVEL = "-Onone";
			};
			name = Debug;
		};
		D14EE7411EA966B4005E0741 /* Release */ = {
			isa = XCBuildConfiguration;
			buildSettings = {
				ALWAYS_SEARCH_USER_PATHS = NO;
				CLANG_ANALYZER_NONNULL = YES;
				CLANG_ANALYZER_NUMBER_OBJECT_CONVERSION = YES_AGGRESSIVE;
				CLANG_CXX_LANGUAGE_STANDARD = "gnu++0x";
				CLANG_CXX_LIBRARY = "libc++";
				CLANG_ENABLE_MODULES = YES;
				CLANG_ENABLE_OBJC_ARC = YES;
				CLANG_WARN_BOOL_CONVERSION = YES;
				CLANG_WARN_CONSTANT_CONVERSION = YES;
				CLANG_WARN_DIRECT_OBJC_ISA_USAGE = YES_ERROR;
				CLANG_WARN_DOCUMENTATION_COMMENTS = YES;
				CLANG_WARN_EMPTY_BODY = YES;
				CLANG_WARN_ENUM_CONVERSION = YES;
				CLANG_WARN_INFINITE_RECURSION = YES;
				CLANG_WARN_INT_CONVERSION = YES;
				CLANG_WARN_OBJC_ROOT_CLASS = YES_ERROR;
				CLANG_WARN_SUSPICIOUS_MOVE = YES;
				CLANG_WARN_UNREACHABLE_CODE = YES;
				CLANG_WARN__DUPLICATE_METHOD_MATCH = YES;
				"CODE_SIGN_IDENTITY[sdk=iphoneos*]" = "iPhone Developer";
				COPY_PHASE_STRIP = NO;
				DEBUG_INFORMATION_FORMAT = "dwarf-with-dsym";
				ENABLE_NS_ASSERTIONS = NO;
				ENABLE_STRICT_OBJC_MSGSEND = YES;
				GCC_C_LANGUAGE_STANDARD = gnu99;
				GCC_NO_COMMON_BLOCKS = YES;
				GCC_WARN_64_TO_32_BIT_CONVERSION = YES;
				GCC_WARN_ABOUT_RETURN_TYPE = YES_ERROR;
				GCC_WARN_UNDECLARED_SELECTOR = YES;
				GCC_WARN_UNINITIALIZED_AUTOS = YES_AGGRESSIVE;
				GCC_WARN_UNUSED_FUNCTION = YES;
				GCC_WARN_UNUSED_VARIABLE = YES;
				IPHONEOS_DEPLOYMENT_TARGET = 10.3;
				MTL_ENABLE_DEBUG_INFO = NO;
				SDKROOT = iphoneos;
				SWIFT_OPTIMIZATION_LEVEL = "-Owholemodule";
				VALIDATE_PRODUCT = YES;
			};
			name = Release;
		};
		D14EE7431EA966B4005E0741 /* Debug */ = {
			isa = XCBuildConfiguration;
			buildSettings = {
				ASSETCATALOG_COMPILER_APPICON_NAME = AppIcon;
				INFOPLIST_FILE = EjercicioCodificacion/Info.plist;
				LD_RUNPATH_SEARCH_PATHS = "$(inherited) @executable_path/Frameworks";
				PRODUCT_BUNDLE_IDENTIFIER = com.nextu.developer.EjercicioCodificacion;
				PRODUCT_NAME = "$(TARGET_NAME)";
				SWIFT_VERSION = 3.0;
			};
			name = Debug;
		};
		D14EE7441EA966B4005E0741 /* Release */ = {
			isa = XCBuildConfiguration;
			buildSettings = {
				ASSETCATALOG_COMPILER_APPICON_NAME = AppIcon;
				INFOPLIST_FILE = EjercicioCodificacion/Info.plist;
				LD_RUNPATH_SEARCH_PATHS = "$(inherited) @executable_path/Frameworks";
				PRODUCT_BUNDLE_IDENTIFIER = com.nextu.developer.EjercicioCodificacion;
				PRODUCT_NAME = "$(TARGET_NAME)";
				SWIFT_VERSION = 3.0;
			};
			name = Release;
		};
/* End XCBuildConfiguration section */

/* Begin XCConfigurationList section */
		D14EE72B1EA966B4005E0741 /* Build configuration list for PBXProject "EjercicioCodificacion" */ = {
			isa = XCConfigurationList;
			buildConfigurations = (
				D14EE7401EA966B4005E0741 /* Debug */,
				D14EE7411EA966B4005E0741 /* Release */,
			);
			defaultConfigurationIsVisible = 0;
			defaultConfigurationName = Release;
		};
		D14EE7421EA966B4005E0741 /* Build configuration list for PBXNativeTarget "EjercicioCodificacion" */ = {
			isa = XCConfigurationList;
			buildConfigurations = (
				D14EE7431EA966B4005E0741 /* Debug */,
				D14EE7441EA966B4005E0741 /* Release */,
			);
			defaultConfigurationIsVisible = 0;
		};
/* End XCConfigurationList section */
	};
	rootObject = D14EE7281EA966B4005E0741 /* Project object */;
}
